
Microsoft Visual Studio Solution File, Format Version 12.00
# Visual Studio 15
VisualStudioVersion = 15.0.27703.2042
MinimumVisualStudioVersion = 10.0.40219.1
Project("{2150E333-8FDC-42A3-9474-1A3956D46DE8}") = "数据持久层", "数据持久层", "{9F416208-E918-4346-8588-54542BE377AA}"
EndProject
Project("{2150E333-8FDC-42A3-9474-1A3956D46DE8}") = "公共层", "公共层", "{AAC62FB1-AAC3-460F-8159-A8F02CE5134C}"
EndProject
Project("{2150E333-8FDC-42A3-9474-1A3956D46DE8}") = "模型层", "模型层", "{29525017-17C4-4904-A069-786D19DF404D}"
EndProject
Project("{2150E333-8FDC-42A3-9474-1A3956D46DE8}") = "应用层", "应用层", "{5FA0DFC2-6B8E-4F76-8B44-3DA8FA2C86CC}"
EndProject
Project("{FAE04EC0-301F-11D3-BF4B-00C04F79EFBC}") = "DL.Common", "DL.Common\DL.Common.csproj", "{2DD3D02F-27AE-4F51-9A28-6C25899A4F59}"
EndProject
Project("{FAE04EC0-301F-11D3-BF4B-00C04F79EFBC}") = "DL.Models", "DL.Models\DL.Models.csproj", "{D1783443-E60C-404B-833C-26256C02F484}"
EndProject
Project("{FAE04EC0-301F-11D3-BF4B-00C04F79EFBC}") = "DL.DataAccess", "DL.DataAccess\DL.DataAccess.csproj", "{0AB4B9BA-40F4-4CC8-8CFF-8565AB6ACD13}"
EndProject
Project("{FAE04EC0-301F-11D3-BF4B-00C04F79EFBC}") = "DL.Web", "DL.Web\DL.Web.csproj", "{62CED037-61E5-410C-B2B6-A9B6365556FD}"
EndProject
Project("{2150E333-8FDC-42A3-9474-1A3956D46DE8}") = "业务逻辑层", "业务逻辑层", "{ACB9E71F-9CD8-4137-B5CC-8C199A2674C2}"
EndProject
Project("{FAE04EC0-301F-11D3-BF4B-00C04F79EFBC}") = "DL.Service", "DL.Service\DL.Service.csproj", "{45A42554-DED3-48A3-95CA-F439488266B3}"
EndProject
Project("{FAE04EC0-301F-11D3-BF4B-00C04F79EFBC}") = "DL.IService", "DL.IService\DL.IService.csproj", "{FAE802CD-2DD1-4ABF-91FB-876063929BAC}"
EndProject
Global
	GlobalSection(SolutionConfigurationPlatforms) = preSolution
		Debug|Any CPU = Debug|Any CPU
		Release|Any CPU = Release|Any CPU
	EndGlobalSection
	GlobalSection(ProjectConfigurationPlatforms) = postSolution
		{2DD3D02F-27AE-4F51-9A28-6C25899A4F59}.Debug|Any CPU.ActiveCfg = Debug|Any CPU
		{2DD3D02F-27AE-4F51-9A28-6C25899A4F59}.Debug|Any CPU.Build.0 = Debug|Any CPU
		{2DD3D02F-27AE-4F51-9A28-6C25899A4F59}.Release|Any CPU.ActiveCfg = Release|Any CPU
		{2DD3D02F-27AE-4F51-9A28-6C25899A4F59}.Release|Any CPU.Build.0 = Release|Any CPU
		{D1783443-E60C-404B-833C-26256C02F484}.Debug|Any CPU.ActiveCfg = Debug|Any CPU
		{D1783443-E60C-404B-833C-26256C02F484}.Debug|Any CPU.Build.0 = Debug|Any CPU
		{D1783443-E60C-404B-833C-26256C02F484}.Release|Any CPU.ActiveCfg = Release|Any CPU
		{D1783443-E60C-404B-833C-26256C02F484}.Release|Any CPU.Build.0 = Release|Any CPU
		{0AB4B9BA-40F4-4CC8-8CFF-8565AB6ACD13}.Debug|Any CPU.ActiveCfg = Debug|Any CPU
		{0AB4B9BA-40F4-4CC8-8CFF-8565AB6ACD13}.Debug|Any CPU.Build.0 = Debug|Any CPU
		{0AB4B9BA-40F4-4CC8-8CFF-8565AB6ACD13}.Release|Any CPU.ActiveCfg = Release|Any CPU
		{0AB4B9BA-40F4-4CC8-8CFF-8565AB6ACD13}.Release|Any CPU.Build.0 = Release|Any CPU
		{62CED037-61E5-410C-B2B6-A9B6365556FD}.Debug|Any CPU.ActiveCfg = Debug|Any CPU
		{62CED037-61E5-410C-B2B6-A9B6365556FD}.Debug|Any CPU.Build.0 = Debug|Any CPU
		{62CED037-61E5-410C-B2B6-A9B6365556FD}.Release|Any CPU.ActiveCfg = Release|Any CPU
		{62CED037-61E5-410C-B2B6-A9B6365556FD}.Release|Any CPU.Build.0 = Release|Any CPU
		{45A42554-DED3-48A3-95CA-F439488266B3}.Debug|Any CPU.ActiveCfg = Debug|Any CPU
		{45A42554-DED3-48A3-95CA-F439488266B3}.Debug|Any CPU.Build.0 = Debug|Any CPU
		{45A42554-DED3-48A3-95CA-F439488266B3}.Release|Any CPU.ActiveCfg = Release|Any CPU
		{45A42554-DED3-48A3-95CA-F439488266B3}.Release|Any CPU.Build.0 = Release|Any CPU
		{FAE802CD-2DD1-4ABF-91FB-876063929BAC}.Debug|Any CPU.ActiveCfg = Debug|Any CPU
		{FAE802CD-2DD1-4ABF-91FB-876063929BAC}.Debug|Any CPU.Build.0 = Debug|Any CPU
		{FAE802CD-2DD1-4ABF-91FB-876063929BAC}.Release|Any CPU.ActiveCfg = Release|Any CPU
		{FAE802CD-2DD1-4ABF-91FB-876063929BAC}.Release|Any CPU.Build.0 = Release|Any CPU
	EndGlobalSection
	GlobalSection(SolutionProperties) = preSolution
		HideSolutionNode = FALSE
	EndGlobalSection
	GlobalSection(NestedProjects) = preSolution
		{2DD3D02F-27AE-4F51-9A28-6C25899A4F59} = {AAC62FB1-AAC3-460F-8159-A8F02CE5134C}
		{D1783443-E60C-404B-833C-26256C02F484} = {29525017-17C4-4904-A069-786D19DF404D}
		{0AB4B9BA-40F4-4CC8-8CFF-8565AB6ACD13} = {9F416208-E918-4346-8588-54542BE377AA}
		{62CED037-61E5-410C-B2B6-A9B6365556FD} = {5FA0DFC2-6B8E-4F76-8B44-3DA8FA2C86CC}
		{45A42554-DED3-48A3-95CA-F439488266B3} = {ACB9E71F-9CD8-4137-B5CC-8C199A2674C2}
		{FAE802CD-2DD1-4ABF-91FB-876063929BAC} = {ACB9E71F-9CD8-4137-B5CC-8C199A2674C2}
	EndGlobalSection
	GlobalSection(ExtensibilityGlobals) = postSolution
		SolutionGuid = {9CD02810-B855-4E31-915B-5A0FA765CF8F}
	EndGlobalSection
EndGlobal
