
Microsoft Visual Studio Solution File, Format Version 12.00
# Visual Studio 15
VisualStudioVersion = 15.0.27703.2042
MinimumVisualStudioVersion = 10.0.40219.1
Project("{2150E333-8FDC-42A3-9474-1A3956D46DE8}") = "3.Repository", "3.Repository", "{9F416208-E918-4346-8588-54542BE377AA}"
EndProject
Project("{2150E333-8FDC-42A3-9474-1A3956D46DE8}") = "5.Infrastructure", "5.Infrastructure", "{AAC62FB1-AAC3-460F-8159-A8F02CE5134C}"
EndProject
Project("{2150E333-8FDC-42A3-9474-1A3956D46DE8}") = "4.Entity", "4.Entity", "{29525017-17C4-4904-A069-786D19DF404D}"
EndProject
Project("{2150E333-8FDC-42A3-9474-1A3956D46DE8}") = "1.UI", "1.UI", "{5FA0DFC2-6B8E-4F76-8B44-3DA8FA2C86CC}"
EndProject
Project("{9A19103F-16F7-4668-BE54-9A1E7A4F7556}") = "DL.Common", "DL.Common\DL.Common.csproj", "{2DD3D02F-27AE-4F51-9A28-6C25899A4F59}"
EndProject
Project("{9A19103F-16F7-4668-BE54-9A1E7A4F7556}") = "DL.Models", "DL.Models\DL.Models.csproj", "{D1783443-E60C-404B-833C-26256C02F484}"
EndProject
Project("{2150E333-8FDC-42A3-9474-1A3956D46DE8}") = "2.Services", "2.Services", "{ACB9E71F-9CD8-4137-B5CC-8C199A2674C2}"
EndProject
Project("{9A19103F-16F7-4668-BE54-9A1E7A4F7556}") = "DL.IServices", "DL.IService\DL.IServices.csproj", "{FAE802CD-2DD1-4ABF-91FB-876063929BAC}"
EndProject
Project("{9A19103F-16F7-4668-BE54-9A1E7A4F7556}") = "DL.ViewModels", "DL.ViewModels\DL.ViewModels.csproj", "{70FFC489-F289-47FC-9AFA-6F62E7121923}"
EndProject
Project("{9A19103F-16F7-4668-BE54-9A1E7A4F7556}") = "DL.Admin", "DL.Admin\DL.Admin.csproj", "{6DA11A1A-D9F3-4FC8-B910-7CB378A6F60F}"
EndProject
Project("{9A19103F-16F7-4668-BE54-9A1E7A4F7556}") = "DL.Site", "DL.Site\DL.Site.csproj", "{1B119664-77ED-475D-8E21-F3FD35DD2376}"
EndProject
Project("{9A19103F-16F7-4668-BE54-9A1E7A4F7556}") = "DL.WebApi", "DL.WebApi\DL.WebApi.csproj", "{317CB738-E061-4C31-9F29-70D8F7811C87}"
EndProject
Project("{9A19103F-16F7-4668-BE54-9A1E7A4F7556}") = "DL.Core", "DL.CodeGenerator\DL.Core.csproj", "{DA24C1C1-06CB-40CE-9E8F-F0CE8072F5EE}"
EndProject
Project("{9A19103F-16F7-4668-BE54-9A1E7A4F7556}") = "DL.IRepository", "DL.IRepository\DL.IRepository.csproj", "{6FA3C31C-A6A4-453F-821F-2506639B865E}"
EndProject
Project("{9A19103F-16F7-4668-BE54-9A1E7A4F7556}") = "DL.Repository.SqlServer", "DL.Repository.SqlServer\DL.Repository.SqlServer.csproj", "{0AA4DEFF-B16D-473D-8188-4B4053762A69}"
EndProject
Project("{9A19103F-16F7-4668-BE54-9A1E7A4F7556}") = "DL.Services", "DL.Services\DL.Services.csproj", "{5395E334-728B-4C89-A157-E1A7A77E42AF}"
EndProject
Global
	GlobalSection(SolutionConfigurationPlatforms) = preSolution
		Debug|Any CPU = Debug|Any CPU
		Release|Any CPU = Release|Any CPU
	EndGlobalSection
	GlobalSection(ProjectConfigurationPlatforms) = postSolution
		{2DD3D02F-27AE-4F51-9A28-6C25899A4F59}.Debug|Any CPU.ActiveCfg = Debug|Any CPU
		{2DD3D02F-27AE-4F51-9A28-6C25899A4F59}.Debug|Any CPU.Build.0 = Debug|Any CPU
		{2DD3D02F-27AE-4F51-9A28-6C25899A4F59}.Release|Any CPU.ActiveCfg = Release|Any CPU
		{2DD3D02F-27AE-4F51-9A28-6C25899A4F59}.Release|Any CPU.Build.0 = Release|Any CPU
		{D1783443-E60C-404B-833C-26256C02F484}.Debug|Any CPU.ActiveCfg = Debug|Any CPU
		{D1783443-E60C-404B-833C-26256C02F484}.Debug|Any CPU.Build.0 = Debug|Any CPU
		{D1783443-E60C-404B-833C-26256C02F484}.Release|Any CPU.ActiveCfg = Release|Any CPU
		{D1783443-E60C-404B-833C-26256C02F484}.Release|Any CPU.Build.0 = Release|Any CPU
		{FAE802CD-2DD1-4ABF-91FB-876063929BAC}.Debug|Any CPU.ActiveCfg = Debug|Any CPU
		{FAE802CD-2DD1-4ABF-91FB-876063929BAC}.Debug|Any CPU.Build.0 = Debug|Any CPU
		{FAE802CD-2DD1-4ABF-91FB-876063929BAC}.Release|Any CPU.ActiveCfg = Release|Any CPU
		{FAE802CD-2DD1-4ABF-91FB-876063929BAC}.Release|Any CPU.Build.0 = Release|Any CPU
		{70FFC489-F289-47FC-9AFA-6F62E7121923}.Debug|Any CPU.ActiveCfg = Debug|Any CPU
		{70FFC489-F289-47FC-9AFA-6F62E7121923}.Debug|Any CPU.Build.0 = Debug|Any CPU
		{70FFC489-F289-47FC-9AFA-6F62E7121923}.Release|Any CPU.ActiveCfg = Release|Any CPU
		{70FFC489-F289-47FC-9AFA-6F62E7121923}.Release|Any CPU.Build.0 = Release|Any CPU
		{6DA11A1A-D9F3-4FC8-B910-7CB378A6F60F}.Debug|Any CPU.ActiveCfg = Debug|Any CPU
		{6DA11A1A-D9F3-4FC8-B910-7CB378A6F60F}.Debug|Any CPU.Build.0 = Debug|Any CPU
		{6DA11A1A-D9F3-4FC8-B910-7CB378A6F60F}.Release|Any CPU.ActiveCfg = Release|Any CPU
		{6DA11A1A-D9F3-4FC8-B910-7CB378A6F60F}.Release|Any CPU.Build.0 = Release|Any CPU
		{1B119664-77ED-475D-8E21-F3FD35DD2376}.Debug|Any CPU.ActiveCfg = Debug|Any CPU
		{1B119664-77ED-475D-8E21-F3FD35DD2376}.Debug|Any CPU.Build.0 = Debug|Any CPU
		{1B119664-77ED-475D-8E21-F3FD35DD2376}.Release|Any CPU.ActiveCfg = Release|Any CPU
		{1B119664-77ED-475D-8E21-F3FD35DD2376}.Release|Any CPU.Build.0 = Release|Any CPU
		{317CB738-E061-4C31-9F29-70D8F7811C87}.Debug|Any CPU.ActiveCfg = Debug|Any CPU
		{317CB738-E061-4C31-9F29-70D8F7811C87}.Debug|Any CPU.Build.0 = Debug|Any CPU
		{317CB738-E061-4C31-9F29-70D8F7811C87}.Release|Any CPU.ActiveCfg = Release|Any CPU
		{317CB738-E061-4C31-9F29-70D8F7811C87}.Release|Any CPU.Build.0 = Release|Any CPU
		{DA24C1C1-06CB-40CE-9E8F-F0CE8072F5EE}.Debug|Any CPU.ActiveCfg = Debug|Any CPU
		{DA24C1C1-06CB-40CE-9E8F-F0CE8072F5EE}.Debug|Any CPU.Build.0 = Debug|Any CPU
		{DA24C1C1-06CB-40CE-9E8F-F0CE8072F5EE}.Release|Any CPU.ActiveCfg = Release|Any CPU
		{DA24C1C1-06CB-40CE-9E8F-F0CE8072F5EE}.Release|Any CPU.Build.0 = Release|Any CPU
		{6FA3C31C-A6A4-453F-821F-2506639B865E}.Debug|Any CPU.ActiveCfg = Debug|Any CPU
		{6FA3C31C-A6A4-453F-821F-2506639B865E}.Debug|Any CPU.Build.0 = Debug|Any CPU
		{6FA3C31C-A6A4-453F-821F-2506639B865E}.Release|Any CPU.ActiveCfg = Release|Any CPU
		{6FA3C31C-A6A4-453F-821F-2506639B865E}.Release|Any CPU.Build.0 = Release|Any CPU
		{0AA4DEFF-B16D-473D-8188-4B4053762A69}.Debug|Any CPU.ActiveCfg = Debug|Any CPU
		{0AA4DEFF-B16D-473D-8188-4B4053762A69}.Debug|Any CPU.Build.0 = Debug|Any CPU
		{0AA4DEFF-B16D-473D-8188-4B4053762A69}.Release|Any CPU.ActiveCfg = Release|Any CPU
		{0AA4DEFF-B16D-473D-8188-4B4053762A69}.Release|Any CPU.Build.0 = Release|Any CPU
		{5395E334-728B-4C89-A157-E1A7A77E42AF}.Debug|Any CPU.ActiveCfg = Debug|Any CPU
		{5395E334-728B-4C89-A157-E1A7A77E42AF}.Debug|Any CPU.Build.0 = Debug|Any CPU
		{5395E334-728B-4C89-A157-E1A7A77E42AF}.Release|Any CPU.ActiveCfg = Release|Any CPU
		{5395E334-728B-4C89-A157-E1A7A77E42AF}.Release|Any CPU.Build.0 = Release|Any CPU
	EndGlobalSection
	GlobalSection(SolutionProperties) = preSolution
		HideSolutionNode = FALSE
	EndGlobalSection
	GlobalSection(NestedProjects) = preSolution
		{2DD3D02F-27AE-4F51-9A28-6C25899A4F59} = {AAC62FB1-AAC3-460F-8159-A8F02CE5134C}
		{D1783443-E60C-404B-833C-26256C02F484} = {29525017-17C4-4904-A069-786D19DF404D}
		{FAE802CD-2DD1-4ABF-91FB-876063929BAC} = {ACB9E71F-9CD8-4137-B5CC-8C199A2674C2}
		{70FFC489-F289-47FC-9AFA-6F62E7121923} = {29525017-17C4-4904-A069-786D19DF404D}
		{6DA11A1A-D9F3-4FC8-B910-7CB378A6F60F} = {5FA0DFC2-6B8E-4F76-8B44-3DA8FA2C86CC}
		{1B119664-77ED-475D-8E21-F3FD35DD2376} = {5FA0DFC2-6B8E-4F76-8B44-3DA8FA2C86CC}
		{317CB738-E061-4C31-9F29-70D8F7811C87} = {5FA0DFC2-6B8E-4F76-8B44-3DA8FA2C86CC}
		{DA24C1C1-06CB-40CE-9E8F-F0CE8072F5EE} = {AAC62FB1-AAC3-460F-8159-A8F02CE5134C}
		{6FA3C31C-A6A4-453F-821F-2506639B865E} = {9F416208-E918-4346-8588-54542BE377AA}
		{0AA4DEFF-B16D-473D-8188-4B4053762A69} = {9F416208-E918-4346-8588-54542BE377AA}
		{5395E334-728B-4C89-A157-E1A7A77E42AF} = {ACB9E71F-9CD8-4137-B5CC-8C199A2674C2}
	EndGlobalSection
	GlobalSection(ExtensibilityGlobals) = postSolution
		SolutionGuid = {9CD02810-B855-4E31-915B-5A0FA765CF8F}
	EndGlobalSection
EndGlobal
